
Microsoft Visual Studio Solution File, Format Version 12.00
# Visual Studio Version 16
VisualStudioVersion = 16.0.30523.141
MinimumVisualStudioVersion = 10.0.40219.1
Project("{FAE04EC0-301F-11D3-BF4B-00C04F79EFBC}") = "RMDataManager", "RMDataManager\RMDataManager.csproj", "{1158FBAE-98C7-4F46-AA52-1A6C103BD255}"
EndProject
Global
	GlobalSection(SolutionConfigurationPlatforms) = preSolution
		Debug|Any CPU = Debug|Any CPU
		Release|Any CPU = Release|Any CPU
	EndGlobalSection
	GlobalSection(ProjectConfigurationPlatforms) = postSolution
		{1158FBAE-98C7-4F46-AA52-1A6C103BD255}.Debug|Any CPU.ActiveCfg = Debug|Any CPU
		{1158FBAE-98C7-4F46-AA52-1A6C103BD255}.Debug|Any CPU.Build.0 = Debug|Any CPU
		{1158FBAE-98C7-4F46-AA52-1A6C103BD255}.Release|Any CPU.ActiveCfg = Release|Any CPU
		{1158FBAE-98C7-4F46-AA52-1A6C103BD255}.Release|Any CPU.Build.0 = Release|Any CPU
	EndGlobalSection
	GlobalSection(SolutionProperties) = preSolution
		HideSolutionNode = FALSE
	EndGlobalSection
	GlobalSection(ExtensibilityGlobals) = postSolution
		SolutionGuid = {AF4F623E-07DE-449A-B313-13FD7CBAD121}
	EndGlobalSection
EndGlobal
